
Microsoft Visual Studio Solution File, Format Version 12.00
# Visual Studio Version 16
VisualStudioVersion = 16.0.30621.155
MinimumVisualStudioVersion = 10.0.40219.1
Project("{FAE04EC0-301F-11D3-BF4B-00C04F79EFBC}") = "CSharpAdvancedEvent", "CSharpAdvancedEvent\CSharpAdvancedEvent.csproj", "{7AC4E16C-448B-4AF1-9D15-2222A6B36349}"
EndProject
Project("{FAE04EC0-301F-11D3-BF4B-00C04F79EFBC}") = "EventDelegate", "EventDelegate\EventDelegate.csproj", "{E80A50DF-BBCE-45CB-A507-B5798F41B2CD}"
EndProject
Project("{FAE04EC0-301F-11D3-BF4B-00C04F79EFBC}") = "StudentEvent", "StudentEvent\StudentEvent.csproj", "{1F869061-F2E6-480E-808B-58A45C1D6B10}"
EndProject
Global
	GlobalSection(SolutionConfigurationPlatforms) = preSolution
		Debug|Any CPU = Debug|Any CPU
		Release|Any CPU = Release|Any CPU
	EndGlobalSection
	GlobalSection(ProjectConfigurationPlatforms) = postSolution
		{7AC4E16C-448B-4AF1-9D15-2222A6B36349}.Debug|Any CPU.ActiveCfg = Debug|Any CPU
		{7AC4E16C-448B-4AF1-9D15-2222A6B36349}.Debug|Any CPU.Build.0 = Debug|Any CPU
		{7AC4E16C-448B-4AF1-9D15-2222A6B36349}.Release|Any CPU.ActiveCfg = Release|Any CPU
		{7AC4E16C-448B-4AF1-9D15-2222A6B36349}.Release|Any CPU.Build.0 = Release|Any CPU
		{E80A50DF-BBCE-45CB-A507-B5798F41B2CD}.Debug|Any CPU.ActiveCfg = Debug|Any CPU
		{E80A50DF-BBCE-45CB-A507-B5798F41B2CD}.Debug|Any CPU.Build.0 = Debug|Any CPU
		{E80A50DF-BBCE-45CB-A507-B5798F41B2CD}.Release|Any CPU.ActiveCfg = Release|Any CPU
		{E80A50DF-BBCE-45CB-A507-B5798F41B2CD}.Release|Any CPU.Build.0 = Release|Any CPU
		{1F869061-F2E6-480E-808B-58A45C1D6B10}.Debug|Any CPU.ActiveCfg = Debug|Any CPU
		{1F869061-F2E6-480E-808B-58A45C1D6B10}.Debug|Any CPU.Build.0 = Debug|Any CPU
		{1F869061-F2E6-480E-808B-58A45C1D6B10}.Release|Any CPU.ActiveCfg = Release|Any CPU
		{1F869061-F2E6-480E-808B-58A45C1D6B10}.Release|Any CPU.Build.0 = Release|Any CPU
	EndGlobalSection
	GlobalSection(SolutionProperties) = preSolution
		HideSolutionNode = FALSE
	EndGlobalSection
	GlobalSection(ExtensibilityGlobals) = postSolution
		SolutionGuid = {93F0189C-F2A8-4EF0-AEA6-C5CE8F799CE0}
	EndGlobalSection
EndGlobal
