
Microsoft Visual Studio Solution File, Format Version 12.00
# Visual Studio Version 16
VisualStudioVersion = 16.0.30225.117
MinimumVisualStudioVersion = 10.0.40219.1
Project("{FAE04EC0-301F-11D3-BF4B-00C04F79EFBC}") = "CSharpAdvanced_Generic", "CSharpAdvanced_Generic\CSharpAdvanced_Generic.csproj", "{CA0E0E71-3F8D-4DF9-9856-25DE20CBA3C0}"
EndProject
Global
	GlobalSection(SolutionConfigurationPlatforms) = preSolution
		Debug|Any CPU = Debug|Any CPU
		Release|Any CPU = Release|Any CPU
	EndGlobalSection
	GlobalSection(ProjectConfigurationPlatforms) = postSolution
		{CA0E0E71-3F8D-4DF9-9856-25DE20CBA3C0}.Debug|Any CPU.ActiveCfg = Debug|Any CPU
		{CA0E0E71-3F8D-4DF9-9856-25DE20CBA3C0}.Debug|Any CPU.Build.0 = Debug|Any CPU
		{CA0E0E71-3F8D-4DF9-9856-25DE20CBA3C0}.Release|Any CPU.ActiveCfg = Release|Any CPU
		{CA0E0E71-3F8D-4DF9-9856-25DE20CBA3C0}.Release|Any CPU.Build.0 = Release|Any CPU
	EndGlobalSection
	GlobalSection(SolutionProperties) = preSolution
		HideSolutionNode = FALSE
	EndGlobalSection
	GlobalSection(ExtensibilityGlobals) = postSolution
		SolutionGuid = {D8F44B44-F758-4B5C-9B34-24E13AFC73F5}
	EndGlobalSection
EndGlobal
