
Microsoft Visual Studio Solution File, Format Version 12.00
# Visual Studio Version 16
VisualStudioVersion = 16.0.30517.126
MinimumVisualStudioVersion = 10.0.40219.1
Project("{FAE04EC0-301F-11D3-BF4B-00C04F79EFBC}") = "CSharpAdvancedDelegate", "CSharpAdvancedDelegate\CSharpAdvancedDelegate.csproj", "{6C9A1E94-44F0-42DE-AD88-BDEB787FC9EE}"
EndProject
Global
	GlobalSection(SolutionConfigurationPlatforms) = preSolution
		Debug|Any CPU = Debug|Any CPU
		Release|Any CPU = Release|Any CPU
	EndGlobalSection
	GlobalSection(ProjectConfigurationPlatforms) = postSolution
		{6C9A1E94-44F0-42DE-AD88-BDEB787FC9EE}.Debug|Any CPU.ActiveCfg = Debug|Any CPU
		{6C9A1E94-44F0-42DE-AD88-BDEB787FC9EE}.Debug|Any CPU.Build.0 = Debug|Any CPU
		{6C9A1E94-44F0-42DE-AD88-BDEB787FC9EE}.Release|Any CPU.ActiveCfg = Release|Any CPU
		{6C9A1E94-44F0-42DE-AD88-BDEB787FC9EE}.Release|Any CPU.Build.0 = Release|Any CPU
	EndGlobalSection
	GlobalSection(SolutionProperties) = preSolution
		HideSolutionNode = FALSE
	EndGlobalSection
	GlobalSection(ExtensibilityGlobals) = postSolution
		SolutionGuid = {AE112AF7-9D71-421B-A516-D26A2358D7F9}
	EndGlobalSection
EndGlobal
